
Microsoft Visual Studio Solution File, Format Version 12.00
# Visual Studio Version 16
VisualStudioVersion = 16.0.31515.178
MinimumVisualStudioVersion = 10.0.40219.1
Project("{8BC9CEB8-8B4A-11D0-8D11-00A0C91BC942}") = "RdpThief", "RdpThief.vcxproj", "{7001C0BC-1A26-4F6A-9BAF-74E871680A1E}"
EndProject
Global
	GlobalSection(SolutionConfigurationPlatforms) = preSolution
		Debug|x64 = Debug|x64
		Debug|x86 = Debug|x86
		Release|x64 = Release|x64
		Release|x86 = Release|x86
	EndGlobalSection
	GlobalSection(ProjectConfigurationPlatforms) = postSolution
		{7001C0BC-1A26-4F6A-9BAF-74E871680A1E}.Debug|x64.ActiveCfg = Debug|x64
		{7001C0BC-1A26-4F6A-9BAF-74E871680A1E}.Debug|x64.Build.0 = Debug|x64
		{7001C0BC-1A26-4F6A-9BAF-74E871680A1E}.Debug|x86.ActiveCfg = Debug|Win32
		{7001C0BC-1A26-4F6A-9BAF-74E871680A1E}.Debug|x86.Build.0 = Debug|Win32
		{7001C0BC-1A26-4F6A-9BAF-74E871680A1E}.Release|x64.ActiveCfg = Release|x64
		{7001C0BC-1A26-4F6A-9BAF-74E871680A1E}.Release|x64.Build.0 = Release|x64
		{7001C0BC-1A26-4F6A-9BAF-74E871680A1E}.Release|x86.ActiveCfg = Release|Win32
		{7001C0BC-1A26-4F6A-9BAF-74E871680A1E}.Release|x86.Build.0 = Release|Win32
	EndGlobalSection
	GlobalSection(SolutionProperties) = preSolution
		HideSolutionNode = FALSE
	EndGlobalSection
	GlobalSection(ExtensibilityGlobals) = postSolution
		SolutionGuid = {7B7E3DB7-E3CB-4E71-835A-E5A216E8B934}
	EndGlobalSection
EndGlobal
